
Microsoft Visual Studio Solution File, Format Version 12.00
# Visual Studio Version 17
VisualStudioVersion = 17.7.34031.279
MinimumVisualStudioVersion = 10.0.40219.1
Project("{9A19103F-16F7-4668-BE54-9A1E7A4F7556}") = "Program2", "Program2.csproj", "{908156F8-0C54-4A12-BDD5-B2AFC92B3C5A}"
EndProject
Global
	GlobalSection(SolutionConfigurationPlatforms) = preSolution
		Debug|Any CPU = Debug|Any CPU
		Release|Any CPU = Release|Any CPU
	EndGlobalSection
	GlobalSection(ProjectConfigurationPlatforms) = postSolution
		{908156F8-0C54-4A12-BDD5-B2AFC92B3C5A}.Debug|Any CPU.ActiveCfg = Debug|Any CPU
		{908156F8-0C54-4A12-BDD5-B2AFC92B3C5A}.Debug|Any CPU.Build.0 = Debug|Any CPU
		{908156F8-0C54-4A12-BDD5-B2AFC92B3C5A}.Release|Any CPU.ActiveCfg = Release|Any CPU
		{908156F8-0C54-4A12-BDD5-B2AFC92B3C5A}.Release|Any CPU.Build.0 = Release|Any CPU
	EndGlobalSection
	GlobalSection(SolutionProperties) = preSolution
		HideSolutionNode = FALSE
	EndGlobalSection
	GlobalSection(ExtensibilityGlobals) = postSolution
		SolutionGuid = {DE6E6802-F5DB-486F-AFA5-B45C651AE2B3}
	EndGlobalSection
EndGlobal
